// !$*UTF8*$!
{
	archiveVersion = 1;
	classes = {
	};
	objectVersion = 70;
	objects = {

/* Begin PBXBuildFile section */
		7B0F67BE2DA9508A0011857C /* MainTabBarController.swift in Sources */ = {isa = PBXBuildFile; fileRef = 7B0F67BD2DA9508A0011857C /* MainTabBarController.swift */; };
		7B0F67C02DA9511C0011857C /* AlarmListViewController.swift in Sources */ = {isa = PBXBuildFile; fileRef = 7B0F67BF2DA9511C0011857C /* AlarmListViewController.swift */; };
		7B0F67C52DA951CC0011857C /* TimeConverterViewController.swift in Sources */ = {isa = PBXBuildFile; fileRef = 7B0F67C42DA951CC0011857C /* TimeConverterViewController.swift */; };
		7B3B69E72DA969A500947091 /* city_list.json in Resources */ = {isa = PBXBuildFile; fileRef = 7B3B69E62DA969A500947091 /* city_list.json */; };
		7B3B69E92DA9754100947091 /* Alarm.swift in Sources */ = {isa = PBXBuildFile; fileRef = 7B3B69E82DA9754100947091 /* Alarm.swift */; };
		7B59F5632D17DB7A00562F6B /* AppDelegate.swift in Sources */ = {isa = PBXBuildFile; fileRef = 7B59F5622D17DB7A00562F6B /* AppDelegate.swift */; };
		7B59F5652D17DB7A00562F6B /* SceneDelegate.swift in Sources */ = {isa = PBXBuildFile; fileRef = 7B59F5642D17DB7A00562F6B /* SceneDelegate.swift */; };
		7B59F56A2D17DB7A00562F6B /* Main.storyboard in Resources */ = {isa = PBXBuildFile; fileRef = 7B59F5682D17DB7A00562F6B /* Main.storyboard */; };
		7B59F56C2D17DB7C00562F6B /* Assets.xcassets in Resources */ = {isa = PBXBuildFile; fileRef = 7B59F56B2D17DB7C00562F6B /* Assets.xcassets */; };
		7B59F56F2D17DB7C00562F6B /* LaunchScreen.storyboard in Resources */ = {isa = PBXBuildFile; fileRef = 7B59F56D2D17DB7C00562F6B /* LaunchScreen.storyboard */; };
		7B59F5772D182B3400562F6B /* CitySearchViewController.swift in Sources */ = {isa = PBXBuildFile; fileRef = 7B59F5762D182B3400562F6B /* CitySearchViewController.swift */; };
		7B59F5792D182B4C00562F6B /* ListViewController.swift in Sources */ = {isa = PBXBuildFile; fileRef = 7B59F5782D182B4C00562F6B /* ListViewController.swift */; };
		7B5E36B52DCE7B490069A0A5 /* AlarmTableViewCell.swift in Sources */ = {isa = PBXBuildFile; fileRef = 7B5E36B42DCE7B490069A0A5 /* AlarmTableViewCell.swift */; };
		7B5E36B82DD2B2F80069A0A5 /* BaseADViewController.swift in Sources */ = {isa = PBXBuildFile; fileRef = 7B5E36B72DD2B2F80069A0A5 /* BaseADViewController.swift */; };
		7B5E36FA2DD86EE60069A0A5 /* AlarmStorage.swift in Sources */ = {isa = PBXBuildFile; fileRef = 7B5E36F92DD86EE60069A0A5 /* AlarmStorage.swift */; };
		7B5E371F2DD88A760069A0A5 /* WidgetKit.framework in Frameworks */ = {isa = PBXBuildFile; fileRef = 7B5E37002DD871CF0069A0A5 /* WidgetKit.framework */; };
		7B5E37202DD88A760069A0A5 /* SwiftUI.framework in Frameworks */ = {isa = PBXBuildFile; fileRef = 7B5E37022DD871CF0069A0A5 /* SwiftUI.framework */; };
		7B5E372D2DD88A780069A0A5 /* TimeTrackerWidgetExtension.appex in Embed Foundation Extensions */ = {isa = PBXBuildFile; fileRef = 7B5E371E2DD88A760069A0A5 /* TimeTrackerWidgetExtension.appex */; settings = {ATTRIBUTES = (RemoveHeadersOnCopy, ); }; };
		7B7EC8A42DFD35480029A615 /* LocalizationManager.swift in Sources */ = {isa = PBXBuildFile; fileRef = 7B7EC8A32DFD35480029A615 /* LocalizationManager.swift */; };
		7B7EC8A62DFD43FE0029A615 /* TemperatureUnitManager.swift in Sources */ = {isa = PBXBuildFile; fileRef = 7B7EC8A52DFD43FE0029A615 /* TemperatureUnitManager.swift */; };
		7B7FC2C82DA94E4C0064AB2F /* AlarmViewController.swift in Sources */ = {isa = PBXBuildFile; fileRef = 7B7FC2C72DA94E4C0064AB2F /* AlarmViewController.swift */; };
		7BE3CC3E2D18380B006A1BA6 /* Localizable.xcstrings in Resources */ = {isa = PBXBuildFile; fileRef = 7BE3CC3D2D18380B006A1BA6 /* Localizable.xcstrings */; };
		7BE3CC442D183D13006A1BA6 /* City.swift in Sources */ = {isa = PBXBuildFile; fileRef = 7BE3CC432D183D13006A1BA6 /* City.swift */; };
		7BE3CC462D1843A7006A1BA6 /* CityTableViewCell.swift in Sources */ = {isa = PBXBuildFile; fileRef = 7BE3CC452D1843A7006A1BA6 /* CityTableViewCell.swift */; };
		7BE3CC482D186241006A1BA6 /* UIStackView+Extension.swift in Sources */ = {isa = PBXBuildFile; fileRef = 7BE3CC472D186241006A1BA6 /* UIStackView+Extension.swift */; };
		7BE3CC4A2D18D3CF006A1BA6 /* UIViewController+Extension.swift in Sources */ = {isa = PBXBuildFile; fileRef = 7BE3CC492D18D3CF006A1BA6 /* UIViewController+Extension.swift */; };
		7BE3CC4C2D18F289006A1BA6 /* SearchCityTableViewCell.swift in Sources */ = {isa = PBXBuildFile; fileRef = 7BE3CC4B2D18F289006A1BA6 /* SearchCityTableViewCell.swift */; };
		8715FF9F453AFE8477D63C09 /* Pods_TimeTracker.framework in Frameworks */ = {isa = PBXBuildFile; fileRef = 2F86615E01704E5EBE3AD4C9 /* Pods_TimeTracker.framework */; };
/* End PBXBuildFile section */

/* Begin PBXContainerItemProxy section */
		7B5E372B2DD88A780069A0A5 /* PBXContainerItemProxy */ = {
			isa = PBXContainerItemProxy;
			containerPortal = 7B59F5572D17DB7A00562F6B /* Project object */;
			proxyType = 1;
			remoteGlobalIDString = 7B5E371D2DD88A760069A0A5;
			remoteInfo = TimeTrackerWidgetExtension;
		};
/* End PBXContainerItemProxy section */

/* Begin PBXCopyFilesBuildPhase section */
		7B5E37112DD871D10069A0A5 /* Embed Foundation Extensions */ = {
			isa = PBXCopyFilesBuildPhase;
			buildActionMask = 2147483647;
			dstPath = "";
			dstSubfolderSpec = 13;
			files = (
				7B5E372D2DD88A780069A0A5 /* TimeTrackerWidgetExtension.appex in Embed Foundation Extensions */,
			);
			name = "Embed Foundation Extensions";
			runOnlyForDeploymentPostprocessing = 0;
		};
/* End PBXCopyFilesBuildPhase section */

/* Begin PBXFileReference section */
		2F86615E01704E5EBE3AD4C9 /* Pods_TimeTracker.framework */ = {isa = PBXFileReference; explicitFileType = wrapper.framework; includeInIndex = 0; path = Pods_TimeTracker.framework; sourceTree = BUILT_PRODUCTS_DIR; };
		7B0F67BD2DA9508A0011857C /* MainTabBarController.swift */ = {isa = PBXFileReference; lastKnownFileType = sourcecode.swift; path = MainTabBarController.swift; sourceTree = "<group>"; };
		7B0F67BF2DA9511C0011857C /* AlarmListViewController.swift */ = {isa = PBXFileReference; lastKnownFileType = sourcecode.swift; path = AlarmListViewController.swift; sourceTree = "<group>"; };
		7B0F67C42DA951CC0011857C /* TimeConverterViewController.swift */ = {isa = PBXFileReference; lastKnownFileType = sourcecode.swift; path = TimeConverterViewController.swift; sourceTree = "<group>"; };
		7B3B69E62DA969A500947091 /* city_list.json */ = {isa = PBXFileReference; lastKnownFileType = text.json; path = city_list.json; sourceTree = "<group>"; };
		7B3B69E82DA9754100947091 /* Alarm.swift */ = {isa = PBXFileReference; lastKnownFileType = sourcecode.swift; path = Alarm.swift; sourceTree = "<group>"; };
		7B59F55F2D17DB7A00562F6B /* TimeTracker.app */ = {isa = PBXFileReference; explicitFileType = wrapper.application; includeInIndex = 0; path = TimeTracker.app; sourceTree = BUILT_PRODUCTS_DIR; };
		7B59F5622D17DB7A00562F6B /* AppDelegate.swift */ = {isa = PBXFileReference; lastKnownFileType = sourcecode.swift; path = AppDelegate.swift; sourceTree = "<group>"; };
		7B59F5642D17DB7A00562F6B /* SceneDelegate.swift */ = {isa = PBXFileReference; lastKnownFileType = sourcecode.swift; path = SceneDelegate.swift; sourceTree = "<group>"; };
		7B59F5692D17DB7A00562F6B /* Base */ = {isa = PBXFileReference; lastKnownFileType = file.storyboard; name = Base; path = Base.lproj/Main.storyboard; sourceTree = "<group>"; };
		7B59F56B2D17DB7C00562F6B /* Assets.xcassets */ = {isa = PBXFileReference; lastKnownFileType = folder.assetcatalog; path = Assets.xcassets; sourceTree = "<group>"; };
		7B59F56E2D17DB7C00562F6B /* Base */ = {isa = PBXFileReference; lastKnownFileType = file.storyboard; name = Base; path = Base.lproj/LaunchScreen.storyboard; sourceTree = "<group>"; };
		7B59F5702D17DB7C00562F6B /* Info.plist */ = {isa = PBXFileReference; lastKnownFileType = text.plist.xml; path = Info.plist; sourceTree = "<group>"; };
		7B59F5762D182B3400562F6B /* CitySearchViewController.swift */ = {isa = PBXFileReference; lastKnownFileType = sourcecode.swift; path = CitySearchViewController.swift; sourceTree = "<group>"; };
		7B59F5782D182B4C00562F6B /* ListViewController.swift */ = {isa = PBXFileReference; lastKnownFileType = sourcecode.swift; path = ListViewController.swift; sourceTree = "<group>"; };
		7B5E36B42DCE7B490069A0A5 /* AlarmTableViewCell.swift */ = {isa = PBXFileReference; lastKnownFileType = sourcecode.swift; path = AlarmTableViewCell.swift; sourceTree = "<group>"; };
		7B5E36B72DD2B2F80069A0A5 /* BaseADViewController.swift */ = {isa = PBXFileReference; lastKnownFileType = sourcecode.swift; path = BaseADViewController.swift; sourceTree = "<group>"; };
		7B5E36F92DD86EE60069A0A5 /* AlarmStorage.swift */ = {isa = PBXFileReference; lastKnownFileType = sourcecode.swift; path = AlarmStorage.swift; sourceTree = "<group>"; };
		7B5E37002DD871CF0069A0A5 /* WidgetKit.framework */ = {isa = PBXFileReference; lastKnownFileType = wrapper.framework; name = WidgetKit.framework; path = System/Library/Frameworks/WidgetKit.framework; sourceTree = SDKROOT; };
		7B5E37022DD871CF0069A0A5 /* SwiftUI.framework */ = {isa = PBXFileReference; lastKnownFileType = wrapper.framework; name = SwiftUI.framework; path = System/Library/Frameworks/SwiftUI.framework; sourceTree = SDKROOT; };
		7B5E37182DD8813D0069A0A5 /* TimeTracker.entitlements */ = {isa = PBXFileReference; lastKnownFileType = text.plist.entitlements; path = TimeTracker.entitlements; sourceTree = "<group>"; };
		7B5E371E2DD88A760069A0A5 /* TimeTrackerWidgetExtension.appex */ = {isa = PBXFileReference; explicitFileType = "wrapper.app-extension"; includeInIndex = 0; path = TimeTrackerWidgetExtension.appex; sourceTree = BUILT_PRODUCTS_DIR; };
		7B5E37322DD88A990069A0A5 /* TimeTrackerWidgetExtension.entitlements */ = {isa = PBXFileReference; lastKnownFileType = text.plist.entitlements; path = TimeTrackerWidgetExtension.entitlements; sourceTree = "<group>"; };
		7B7EC8A32DFD35480029A615 /* LocalizationManager.swift */ = {isa = PBXFileReference; lastKnownFileType = sourcecode.swift; path = LocalizationManager.swift; sourceTree = "<group>"; };
		7B7EC8A52DFD43FE0029A615 /* TemperatureUnitManager.swift */ = {isa = PBXFileReference; lastKnownFileType = sourcecode.swift; path = TemperatureUnitManager.swift; sourceTree = "<group>"; };
		7B7FC2C72DA94E4C0064AB2F /* AlarmViewController.swift */ = {isa = PBXFileReference; lastKnownFileType = sourcecode.swift; path = AlarmViewController.swift; sourceTree = "<group>"; };
		7BE3CC3D2D18380B006A1BA6 /* Localizable.xcstrings */ = {isa = PBXFileReference; lastKnownFileType = text.json.xcstrings; path = Localizable.xcstrings; sourceTree = "<group>"; };
		7BE3CC3F2D183857006A1BA6 /* ko */ = {isa = PBXFileReference; lastKnownFileType = text.plist.strings; name = ko; path = ko.lproj/Main.strings; sourceTree = "<group>"; };
		7BE3CC402D183857006A1BA6 /* ko */ = {isa = PBXFileReference; lastKnownFileType = text.plist.strings; name = ko; path = ko.lproj/LaunchScreen.strings; sourceTree = "<group>"; };
		7BE3CC432D183D13006A1BA6 /* City.swift */ = {isa = PBXFileReference; lastKnownFileType = sourcecode.swift; path = City.swift; sourceTree = "<group>"; };
		7BE3CC452D1843A7006A1BA6 /* CityTableViewCell.swift */ = {isa = PBXFileReference; lastKnownFileType = sourcecode.swift; path = CityTableViewCell.swift; sourceTree = "<group>"; };
		7BE3CC472D186241006A1BA6 /* UIStackView+Extension.swift */ = {isa = PBXFileReference; lastKnownFileType = sourcecode.swift; path = "UIStackView+Extension.swift"; sourceTree = "<group>"; };
		7BE3CC492D18D3CF006A1BA6 /* UIViewController+Extension.swift */ = {isa = PBXFileReference; lastKnownFileType = sourcecode.swift; path = "UIViewController+Extension.swift"; sourceTree = "<group>"; };
		7BE3CC4B2D18F289006A1BA6 /* SearchCityTableViewCell.swift */ = {isa = PBXFileReference; lastKnownFileType = sourcecode.swift; path = SearchCityTableViewCell.swift; sourceTree = "<group>"; };
		946B500C54B2FA5A5979990B /* Pods-TimeTracker.debug.xcconfig */ = {isa = PBXFileReference; includeInIndex = 1; lastKnownFileType = text.xcconfig; name = "Pods-TimeTracker.debug.xcconfig"; path = "Target Support Files/Pods-TimeTracker/Pods-TimeTracker.debug.xcconfig"; sourceTree = "<group>"; };
		9B93D36F6DE79CBC602CA34E /* Pods-TimeTracker.release.xcconfig */ = {isa = PBXFileReference; includeInIndex = 1; lastKnownFileType = text.xcconfig; name = "Pods-TimeTracker.release.xcconfig"; path = "Target Support Files/Pods-TimeTracker/Pods-TimeTracker.release.xcconfig"; sourceTree = "<group>"; };
/* End PBXFileReference section */

/* Begin PBXFileSystemSynchronizedBuildFileExceptionSet section */
		7B5E372E2DD88A780069A0A5 /* PBXFileSystemSynchronizedBuildFileExceptionSet */ = {
			isa = PBXFileSystemSynchronizedBuildFileExceptionSet;
			membershipExceptions = (
				Info.plist,
			);
			target = 7B5E371D2DD88A760069A0A5 /* TimeTrackerWidgetExtension */;
		};
/* End PBXFileSystemSynchronizedBuildFileExceptionSet section */

/* Begin PBXFileSystemSynchronizedRootGroup section */
		7B5E37212DD88A760069A0A5 /* TimeTrackerWidget */ = {isa = PBXFileSystemSynchronizedRootGroup; exceptions = (7B5E372E2DD88A780069A0A5 /* PBXFileSystemSynchronizedBuildFileExceptionSet */, ); explicitFileTypes = {}; explicitFolders = (); path = TimeTrackerWidget; sourceTree = "<group>"; };
/* End PBXFileSystemSynchronizedRootGroup section */

/* Begin PBXFrameworksBuildPhase section */
		7B59F55C2D17DB7A00562F6B /* Frameworks */ = {
			isa = PBXFrameworksBuildPhase;
			buildActionMask = 2147483647;
			files = (
				8715FF9F453AFE8477D63C09 /* Pods_TimeTracker.framework in Frameworks */,
			);
			runOnlyForDeploymentPostprocessing = 0;
		};
		7B5E371B2DD88A760069A0A5 /* Frameworks */ = {
			isa = PBXFrameworksBuildPhase;
			buildActionMask = 2147483647;
			files = (
				7B5E37202DD88A760069A0A5 /* SwiftUI.framework in Frameworks */,
				7B5E371F2DD88A760069A0A5 /* WidgetKit.framework in Frameworks */,
			);
			runOnlyForDeploymentPostprocessing = 0;
		};
/* End PBXFrameworksBuildPhase section */

/* Begin PBXGroup section */
		120DDB063A6224D7CB5CE7F2 /* Pods */ = {
			isa = PBXGroup;
			children = (
				946B500C54B2FA5A5979990B /* Pods-TimeTracker.debug.xcconfig */,
				9B93D36F6DE79CBC602CA34E /* Pods-TimeTracker.release.xcconfig */,
			);
			path = Pods;
			sourceTree = "<group>";
		};
		72C9800AA785E2EFDC294436 /* Frameworks */ = {
			isa = PBXGroup;
			children = (
				2F86615E01704E5EBE3AD4C9 /* Pods_TimeTracker.framework */,
				7B5E37002DD871CF0069A0A5 /* WidgetKit.framework */,
				7B5E37022DD871CF0069A0A5 /* SwiftUI.framework */,
			);
			name = Frameworks;
			sourceTree = "<group>";
		};
		7B0F67C12DA9518B0011857C /* CityList */ = {
			isa = PBXGroup;
			children = (
				7B59F5782D182B4C00562F6B /* ListViewController.swift */,
				7BE3CC452D1843A7006A1BA6 /* CityTableViewCell.swift */,
				7B59F5762D182B3400562F6B /* CitySearchViewController.swift */,
				7BE3CC4B2D18F289006A1BA6 /* SearchCityTableViewCell.swift */,
				7BE3CC432D183D13006A1BA6 /* City.swift */,
			);
			path = CityList;
			sourceTree = "<group>";
		};
		7B0F67C22DA9519A0011857C /* Alarm */ = {
			isa = PBXGroup;
			children = (
				7B0F67BF2DA9511C0011857C /* AlarmListViewController.swift */,
				7B7FC2C72DA94E4C0064AB2F /* AlarmViewController.swift */,
				7B5E36B42DCE7B490069A0A5 /* AlarmTableViewCell.swift */,
				7B3B69E82DA9754100947091 /* Alarm.swift */,
				7B5E36F92DD86EE60069A0A5 /* AlarmStorage.swift */,
			);
			path = Alarm;
			sourceTree = "<group>";
		};
		7B0F67C32DA951A60011857C /* Converter */ = {
			isa = PBXGroup;
			children = (
				7B0F67C42DA951CC0011857C /* TimeConverterViewController.swift */,
			);
			path = Converter;
			sourceTree = "<group>";
		};
		7B0F67C62DA953070011857C /* Resource */ = {
			isa = PBXGroup;
			children = (
				7B3B69E62DA969A500947091 /* city_list.json */,
				7B7EC8A32DFD35480029A615 /* LocalizationManager.swift */,
				7B7EC8A52DFD43FE0029A615 /* TemperatureUnitManager.swift */,
			);
			path = Resource;
			sourceTree = "<group>";
		};
		7B59F5562D17DB7A00562F6B = {
			isa = PBXGroup;
			children = (
				7B5E37322DD88A990069A0A5 /* TimeTrackerWidgetExtension.entitlements */,
				7B59F5612D17DB7A00562F6B /* TimeTracker */,
				7B5E37212DD88A760069A0A5 /* TimeTrackerWidget */,
				7B59F5602D17DB7A00562F6B /* Products */,
				120DDB063A6224D7CB5CE7F2 /* Pods */,
				72C9800AA785E2EFDC294436 /* Frameworks */,
			);
			sourceTree = "<group>";
		};
		7B59F5602D17DB7A00562F6B /* Products */ = {
			isa = PBXGroup;
			children = (
				7B59F55F2D17DB7A00562F6B /* TimeTracker.app */,
				7B5E371E2DD88A760069A0A5 /* TimeTrackerWidgetExtension.appex */,
			);
			name = Products;
			sourceTree = "<group>";
		};
		7B59F5612D17DB7A00562F6B /* TimeTracker */ = {
			isa = PBXGroup;
			children = (
				7B5E37182DD8813D0069A0A5 /* TimeTracker.entitlements */,
				7B5E36B62DD2B2E40069A0A5 /* AD */,
				7B0F67C62DA953070011857C /* Resource */,
				7B0F67C12DA9518B0011857C /* CityList */,
				7B0F67C22DA9519A0011857C /* Alarm */,
				7B0F67C32DA951A60011857C /* Converter */,
				7BE3CC4D2D1937D1006A1BA6 /* Extension */,
				7B59F5622D17DB7A00562F6B /* AppDelegate.swift */,
				7B59F5642D17DB7A00562F6B /* SceneDelegate.swift */,
				7B0F67BD2DA9508A0011857C /* MainTabBarController.swift */,
				7B59F5682D17DB7A00562F6B /* Main.storyboard */,
				7B59F56B2D17DB7C00562F6B /* Assets.xcassets */,
				7B59F56D2D17DB7C00562F6B /* LaunchScreen.storyboard */,
				7B59F5702D17DB7C00562F6B /* Info.plist */,
				7BE3CC3D2D18380B006A1BA6 /* Localizable.xcstrings */,
			);
			path = TimeTracker;
			sourceTree = "<group>";
		};
		7B5E36B62DD2B2E40069A0A5 /* AD */ = {
			isa = PBXGroup;
			children = (
				7B5E36B72DD2B2F80069A0A5 /* BaseADViewController.swift */,
			);
			path = AD;
			sourceTree = "<group>";
		};
		7BE3CC4D2D1937D1006A1BA6 /* Extension */ = {
			isa = PBXGroup;
			children = (
				7BE3CC472D186241006A1BA6 /* UIStackView+Extension.swift */,
				7BE3CC492D18D3CF006A1BA6 /* UIViewController+Extension.swift */,
			);
			path = Extension;
			sourceTree = "<group>";
		};
/* End PBXGroup section */

/* Begin PBXNativeTarget section */
		7B59F55E2D17DB7A00562F6B /* TimeTracker */ = {
			isa = PBXNativeTarget;
			buildConfigurationList = 7B59F5732D17DB7C00562F6B /* Build configuration list for PBXNativeTarget "TimeTracker" */;
			buildPhases = (
				50972F7BCD52761B3E21A5FA /* [CP] Check Pods Manifest.lock */,
				7B59F55B2D17DB7A00562F6B /* Sources */,
				7B59F55C2D17DB7A00562F6B /* Frameworks */,
				7B59F55D2D17DB7A00562F6B /* Resources */,
				34EE826E198C954CECA6EAD8 /* [CP] Embed Pods Frameworks */,
				16DAD48B37BA43A197EF0304 /* [CP] Copy Pods Resources */,
				7B5E37112DD871D10069A0A5 /* Embed Foundation Extensions */,
			);
			buildRules = (
			);
			dependencies = (
				7B5E372C2DD88A780069A0A5 /* PBXTargetDependency */,
			);
			name = TimeTracker;
			productName = TimeTracker;
			productReference = 7B59F55F2D17DB7A00562F6B /* TimeTracker.app */;
			productType = "com.apple.product-type.application";
		};
		7B5E371D2DD88A760069A0A5 /* TimeTrackerWidgetExtension */ = {
			isa = PBXNativeTarget;
			buildConfigurationList = 7B5E372F2DD88A780069A0A5 /* Build configuration list for PBXNativeTarget "TimeTrackerWidgetExtension" */;
			buildPhases = (
				7B5E371A2DD88A760069A0A5 /* Sources */,
				7B5E371B2DD88A760069A0A5 /* Frameworks */,
				7B5E371C2DD88A760069A0A5 /* Resources */,
			);
			buildRules = (
			);
			dependencies = (
			);
			fileSystemSynchronizedGroups = (
				7B5E37212DD88A760069A0A5 /* TimeTrackerWidget */,
			);
			name = TimeTrackerWidgetExtension;
			packageProductDependencies = (
			);
			productName = TimeTrackerWidgetExtension;
			productReference = 7B5E371E2DD88A760069A0A5 /* TimeTrackerWidgetExtension.appex */;
			productType = "com.apple.product-type.app-extension";
		};
/* End PBXNativeTarget section */

/* Begin PBXProject section */
		7B59F5572D17DB7A00562F6B /* Project object */ = {
			isa = PBXProject;
			attributes = {
				BuildIndependentTargetsInParallel = 1;
				LastSwiftUpdateCheck = 1620;
				LastUpgradeCheck = 1520;
				TargetAttributes = {
					7B59F55E2D17DB7A00562F6B = {
						CreatedOnToolsVersion = 15.2;
					};
					7B5E371D2DD88A760069A0A5 = {
						CreatedOnToolsVersion = 16.2;
					};
				};
			};
			buildConfigurationList = 7B59F55A2D17DB7A00562F6B /* Build configuration list for PBXProject "TimeTracker" */;
			compatibilityVersion = "Xcode 14.0";
			developmentRegion = ko;
			hasScannedForEncodings = 0;
			knownRegions = (
				en,
				Base,
				ko,
			);
			mainGroup = 7B59F5562D17DB7A00562F6B;
			productRefGroup = 7B59F5602D17DB7A00562F6B /* Products */;
			projectDirPath = "";
			projectRoot = "";
			targets = (
				7B59F55E2D17DB7A00562F6B /* TimeTracker */,
				7B5E371D2DD88A760069A0A5 /* TimeTrackerWidgetExtension */,
			);
		};
/* End PBXProject section */

/* Begin PBXResourcesBuildPhase section */
		7B59F55D2D17DB7A00562F6B /* Resources */ = {
			isa = PBXResourcesBuildPhase;
			buildActionMask = 2147483647;
			files = (
				7B59F56F2D17DB7C00562F6B /* LaunchScreen.storyboard in Resources */,
				7B59F56C2D17DB7C00562F6B /* Assets.xcassets in Resources */,
				7B3B69E72DA969A500947091 /* city_list.json in Resources */,
				7BE3CC3E2D18380B006A1BA6 /* Localizable.xcstrings in Resources */,
				7B59F56A2D17DB7A00562F6B /* Main.storyboard in Resources */,
			);
			runOnlyForDeploymentPostprocessing = 0;
		};
		7B5E371C2DD88A760069A0A5 /* Resources */ = {
			isa = PBXResourcesBuildPhase;
			buildActionMask = 2147483647;
			files = (
			);
			runOnlyForDeploymentPostprocessing = 0;
		};
/* End PBXResourcesBuildPhase section */

/* Begin PBXShellScriptBuildPhase section */
		16DAD48B37BA43A197EF0304 /* [CP] Copy Pods Resources */ = {
			isa = PBXShellScriptBuildPhase;
			buildActionMask = 2147483647;
			files = (
			);
			inputFileListPaths = (
				"${PODS_ROOT}/Target Support Files/Pods-TimeTracker/Pods-TimeTracker-resources-${CONFIGURATION}-input-files.xcfilelist",
			);
			inputPaths = (
			);
			name = "[CP] Copy Pods Resources";
			outputFileListPaths = (
				"${PODS_ROOT}/Target Support Files/Pods-TimeTracker/Pods-TimeTracker-resources-${CONFIGURATION}-output-files.xcfilelist",
			);
			outputPaths = (
			);
			runOnlyForDeploymentPostprocessing = 0;
			shellPath = /bin/sh;
			shellScript = "\"${PODS_ROOT}/Target Support Files/Pods-TimeTracker/Pods-TimeTracker-resources.sh\"\n";
			showEnvVarsInLog = 0;
		};
		34EE826E198C954CECA6EAD8 /* [CP] Embed Pods Frameworks */ = {
			isa = PBXShellScriptBuildPhase;
			buildActionMask = 2147483647;
			files = (
			);
			inputFileListPaths = (
				"${PODS_ROOT}/Target Support Files/Pods-TimeTracker/Pods-TimeTracker-frameworks-${CONFIGURATION}-input-files.xcfilelist",
			);
			inputPaths = (
			);
			name = "[CP] Embed Pods Frameworks";
			outputFileListPaths = (
				"${PODS_ROOT}/Target Support Files/Pods-TimeTracker/Pods-TimeTracker-frameworks-${CONFIGURATION}-output-files.xcfilelist",
			);
			outputPaths = (
			);
			runOnlyForDeploymentPostprocessing = 0;
			shellPath = /bin/sh;
			shellScript = "\"${PODS_ROOT}/Target Support Files/Pods-TimeTracker/Pods-TimeTracker-frameworks.sh\"\n";
			showEnvVarsInLog = 0;
		};
		50972F7BCD52761B3E21A5FA /* [CP] Check Pods Manifest.lock */ = {
			isa = PBXShellScriptBuildPhase;
			buildActionMask = 2147483647;
			files = (
			);
			inputFileListPaths = (
			);
			inputPaths = (
				"${PODS_PODFILE_DIR_PATH}/Podfile.lock",
				"${PODS_ROOT}/Manifest.lock",
			);
			name = "[CP] Check Pods Manifest.lock";
			outputFileListPaths = (
			);
			outputPaths = (
				"$(DERIVED_FILE_DIR)/Pods-TimeTracker-checkManifestLockResult.txt",
			);
			runOnlyForDeploymentPostprocessing = 0;
			shellPath = /bin/sh;
			shellScript = "diff \"${PODS_PODFILE_DIR_PATH}/Podfile.lock\" \"${PODS_ROOT}/Manifest.lock\" > /dev/null\nif [ $? != 0 ] ; then\n    # print error to STDERR\n    echo \"error: The sandbox is not in sync with the Podfile.lock. Run 'pod install' or update your CocoaPods installation.\" >&2\n    exit 1\nfi\n# This output is used by Xcode 'outputs' to avoid re-running this script phase.\necho \"SUCCESS\" > \"${SCRIPT_OUTPUT_FILE_0}\"\n";
			showEnvVarsInLog = 0;
		};
/* End PBXShellScriptBuildPhase section */

/* Begin PBXSourcesBuildPhase section */
		7B59F55B2D17DB7A00562F6B /* Sources */ = {
			isa = PBXSourcesBuildPhase;
			buildActionMask = 2147483647;
			files = (
				7B7EC8A62DFD43FE0029A615 /* TemperatureUnitManager.swift in Sources */,
				7B7FC2C82DA94E4C0064AB2F /* AlarmViewController.swift in Sources */,
				7BE3CC4A2D18D3CF006A1BA6 /* UIViewController+Extension.swift in Sources */,
				7B0F67BE2DA9508A0011857C /* MainTabBarController.swift in Sources */,
				7BE3CC462D1843A7006A1BA6 /* CityTableViewCell.swift in Sources */,
				7B5E36B82DD2B2F80069A0A5 /* BaseADViewController.swift in Sources */,
				7B0F67C02DA9511C0011857C /* AlarmListViewController.swift in Sources */,
				7B5E36B52DCE7B490069A0A5 /* AlarmTableViewCell.swift in Sources */,
				7B3B69E92DA9754100947091 /* Alarm.swift in Sources */,
				7B59F5632D17DB7A00562F6B /* AppDelegate.swift in Sources */,
				7BE3CC442D183D13006A1BA6 /* City.swift in Sources */,
				7B7EC8A42DFD35480029A615 /* LocalizationManager.swift in Sources */,
				7B59F5652D17DB7A00562F6B /* SceneDelegate.swift in Sources */,
				7BE3CC4C2D18F289006A1BA6 /* SearchCityTableViewCell.swift in Sources */,
				7BE3CC482D186241006A1BA6 /* UIStackView+Extension.swift in Sources */,
				7B0F67C52DA951CC0011857C /* TimeConverterViewController.swift in Sources */,
				7B59F5792D182B4C00562F6B /* ListViewController.swift in Sources */,
				7B5E36FA2DD86EE60069A0A5 /* AlarmStorage.swift in Sources */,
				7B59F5772D182B3400562F6B /* CitySearchViewController.swift in Sources */,
			);
			runOnlyForDeploymentPostprocessing = 0;
		};
		7B5E371A2DD88A760069A0A5 /* Sources */ = {
			isa = PBXSourcesBuildPhase;
			buildActionMask = 2147483647;
			files = (
			);
			runOnlyForDeploymentPostprocessing = 0;
		};
/* End PBXSourcesBuildPhase section */

/* Begin PBXTargetDependency section */
		7B5E372C2DD88A780069A0A5 /* PBXTargetDependency */ = {
			isa = PBXTargetDependency;
			target = 7B5E371D2DD88A760069A0A5 /* TimeTrackerWidgetExtension */;
			targetProxy = 7B5E372B2DD88A780069A0A5 /* PBXContainerItemProxy */;
		};
/* End PBXTargetDependency section */

/* Begin PBXVariantGroup section */
		7B59F5682D17DB7A00562F6B /* Main.storyboard */ = {
			isa = PBXVariantGroup;
			children = (
				7B59F5692D17DB7A00562F6B /* Base */,
				7BE3CC3F2D183857006A1BA6 /* ko */,
			);
			name = Main.storyboard;
			sourceTree = "<group>";
		};
		7B59F56D2D17DB7C00562F6B /* LaunchScreen.storyboard */ = {
			isa = PBXVariantGroup;
			children = (
				7B59F56E2D17DB7C00562F6B /* Base */,
				7BE3CC402D183857006A1BA6 /* ko */,
			);
			name = LaunchScreen.storyboard;
			sourceTree = "<group>";
		};
/* End PBXVariantGroup section */

/* Begin XCBuildConfiguration section */
		7B59F5712D17DB7C00562F6B /* Debug */ = {
			isa = XCBuildConfiguration;
			buildSettings = {
				ALWAYS_SEARCH_USER_PATHS = NO;
				ASSETCATALOG_COMPILER_GENERATE_SWIFT_ASSET_SYMBOL_EXTENSIONS = YES;
				CLANG_ANALYZER_LOCALIZABILITY_NONLOCALIZED = YES;
				CLANG_ANALYZER_NONNULL = YES;
				CLANG_ANALYZER_NUMBER_OBJECT_CONVERSION = YES_AGGRESSIVE;
				CLANG_CXX_LANGUAGE_STANDARD = "gnu++20";
				CLANG_ENABLE_MODULES = YES;
				CLANG_ENABLE_OBJC_ARC = YES;
				CLANG_ENABLE_OBJC_WEAK = YES;
				CLANG_WARN_BLOCK_CAPTURE_AUTORELEASING = YES;
				CLANG_WARN_BOOL_CONVERSION = YES;
				CLANG_WARN_COMMA = YES;
				CLANG_WARN_CONSTANT_CONVERSION = YES;
				CLANG_WARN_DEPRECATED_OBJC_IMPLEMENTATIONS = YES;
				CLANG_WARN_DIRECT_OBJC_ISA_USAGE = YES_ERROR;
				CLANG_WARN_DOCUMENTATION_COMMENTS = YES;
				CLANG_WARN_EMPTY_BODY = YES;
				CLANG_WARN_ENUM_CONVERSION = YES;
				CLANG_WARN_INFINITE_RECURSION = YES;
				CLANG_WARN_INT_CONVERSION = YES;
				CLANG_WARN_NON_LITERAL_NULL_CONVERSION = YES;
				CLANG_WARN_OBJC_IMPLICIT_RETAIN_SELF = YES;
				CLANG_WARN_OBJC_LITERAL_CONVERSION = YES;
				CLANG_WARN_OBJC_ROOT_CLASS = YES_ERROR;
				CLANG_WARN_QUOTED_INCLUDE_IN_FRAMEWORK_HEADER = YES;
				CLANG_WARN_RANGE_LOOP_ANALYSIS = YES;
				CLANG_WARN_STRICT_PROTOTYPES = YES;
				CLANG_WARN_SUSPICIOUS_MOVE = YES;
				CLANG_WARN_UNGUARDED_AVAILABILITY = YES_AGGRESSIVE;
				CLANG_WARN_UNREACHABLE_CODE = YES;
				CLANG_WARN__DUPLICATE_METHOD_MATCH = YES;
				COPY_PHASE_STRIP = NO;
				DEBUG_INFORMATION_FORMAT = dwarf;
				ENABLE_STRICT_OBJC_MSGSEND = YES;
				ENABLE_TESTABILITY = YES;
				ENABLE_USER_SCRIPT_SANDBOXING = NO;
				GCC_C_LANGUAGE_STANDARD = gnu17;
				GCC_DYNAMIC_NO_PIC = NO;
				GCC_NO_COMMON_BLOCKS = YES;
				GCC_OPTIMIZATION_LEVEL = 0;
				GCC_PREPROCESSOR_DEFINITIONS = (
					"DEBUG=1",
					"$(inherited)",
				);
				GCC_WARN_64_TO_32_BIT_CONVERSION = YES;
				GCC_WARN_ABOUT_RETURN_TYPE = YES_ERROR;
				GCC_WARN_UNDECLARED_SELECTOR = YES;
				GCC_WARN_UNINITIALIZED_AUTOS = YES_AGGRESSIVE;
				GCC_WARN_UNUSED_FUNCTION = YES;
				GCC_WARN_UNUSED_VARIABLE = YES;
				IPHONEOS_DEPLOYMENT_TARGET = 15.0;
				LOCALIZATION_PREFERS_STRING_CATALOGS = YES;
				MTL_ENABLE_DEBUG_INFO = INCLUDE_SOURCE;
				MTL_FAST_MATH = YES;
				ONLY_ACTIVE_ARCH = YES;
				SDKROOT = iphoneos;
				SWIFT_ACTIVE_COMPILATION_CONDITIONS = "DEBUG $(inherited)";
				SWIFT_OPTIMIZATION_LEVEL = "-Onone";
			};
			name = Debug;
		};
		7B59F5722D17DB7C00562F6B /* Release */ = {
			isa = XCBuildConfiguration;
			buildSettings = {
				ALWAYS_SEARCH_USER_PATHS = NO;
				ASSETCATALOG_COMPILER_GENERATE_SWIFT_ASSET_SYMBOL_EXTENSIONS = YES;
				CLANG_ANALYZER_LOCALIZABILITY_NONLOCALIZED = YES;
				CLANG_ANALYZER_NONNULL = YES;
				CLANG_ANALYZER_NUMBER_OBJECT_CONVERSION = YES_AGGRESSIVE;
				CLANG_CXX_LANGUAGE_STANDARD = "gnu++20";
				CLANG_ENABLE_MODULES = YES;
				CLANG_ENABLE_OBJC_ARC = YES;
				CLANG_ENABLE_OBJC_WEAK = YES;
				CLANG_WARN_BLOCK_CAPTURE_AUTORELEASING = YES;
				CLANG_WARN_BOOL_CONVERSION = YES;
				CLANG_WARN_COMMA = YES;
				CLANG_WARN_CONSTANT_CONVERSION = YES;
				CLANG_WARN_DEPRECATED_OBJC_IMPLEMENTATIONS = YES;
				CLANG_WARN_DIRECT_OBJC_ISA_USAGE = YES_ERROR;
				CLANG_WARN_DOCUMENTATION_COMMENTS = YES;
				CLANG_WARN_EMPTY_BODY = YES;
				CLANG_WARN_ENUM_CONVERSION = YES;
				CLANG_WARN_INFINITE_RECURSION = YES;
				CLANG_WARN_INT_CONVERSION = YES;
				CLANG_WARN_NON_LITERAL_NULL_CONVERSION = YES;
				CLANG_WARN_OBJC_IMPLICIT_RETAIN_SELF = YES;
				CLANG_WARN_OBJC_LITERAL_CONVERSION = YES;
				CLANG_WARN_OBJC_ROOT_CLASS = YES_ERROR;
				CLANG_WARN_QUOTED_INCLUDE_IN_FRAMEWORK_HEADER = YES;
				CLANG_WARN_RANGE_LOOP_ANALYSIS = YES;
				CLANG_WARN_STRICT_PROTOTYPES = YES;
				CLANG_WARN_SUSPICIOUS_MOVE = YES;
				CLANG_WARN_UNGUARDED_AVAILABILITY = YES_AGGRESSIVE;
				CLANG_WARN_UNREACHABLE_CODE = YES;
				CLANG_WARN__DUPLICATE_METHOD_MATCH = YES;
				COPY_PHASE_STRIP = NO;
				DEBUG_INFORMATION_FORMAT = "dwarf-with-dsym";
				ENABLE_NS_ASSERTIONS = NO;
				ENABLE_STRICT_OBJC_MSGSEND = YES;
				ENABLE_USER_SCRIPT_SANDBOXING = NO;
				GCC_C_LANGUAGE_STANDARD = gnu17;
				GCC_NO_COMMON_BLOCKS = YES;
				GCC_WARN_64_TO_32_BIT_CONVERSION = YES;
				GCC_WARN_ABOUT_RETURN_TYPE = YES_ERROR;
				GCC_WARN_UNDECLARED_SELECTOR = YES;
				GCC_WARN_UNINITIALIZED_AUTOS = YES_AGGRESSIVE;
				GCC_WARN_UNUSED_FUNCTION = YES;
				GCC_WARN_UNUSED_VARIABLE = YES;
				IPHONEOS_DEPLOYMENT_TARGET = 15.0;
				LOCALIZATION_PREFERS_STRING_CATALOGS = YES;
				MTL_ENABLE_DEBUG_INFO = NO;
				MTL_FAST_MATH = YES;
				SDKROOT = iphoneos;
				SWIFT_COMPILATION_MODE = wholemodule;
				VALIDATE_PRODUCT = YES;
			};
			name = Release;
		};
		7B59F5742D17DB7C00562F6B /* Debug */ = {
			isa = XCBuildConfiguration;
			baseConfigurationReference = 946B500C54B2FA5A5979990B /* Pods-TimeTracker.debug.xcconfig */;
			buildSettings = {
				ASSETCATALOG_COMPILER_APPICON_NAME = AppIcon;
				ASSETCATALOG_COMPILER_GLOBAL_ACCENT_COLOR_NAME = AccentColor;
				CODE_SIGN_ENTITLEMENTS = TimeTracker/TimeTracker.entitlements;
				CODE_SIGN_STYLE = Automatic;
				CURRENT_PROJECT_VERSION = 1;
				DEVELOPMENT_TEAM = H92U9KV5T2;
				GENERATE_INFOPLIST_FILE = YES;
				INFOPLIST_FILE = TimeTracker/Info.plist;
				INFOPLIST_KEY_UIApplicationSupportsIndirectInputEvents = YES;
				INFOPLIST_KEY_UILaunchStoryboardName = LaunchScreen;
				INFOPLIST_KEY_UISupportedInterfaceOrientations = UIInterfaceOrientationPortrait;
				IPHONEOS_DEPLOYMENT_TARGET = 15.0;
				LD_RUNPATH_SEARCH_PATHS = (
					"$(inherited)",
					"@executable_path/Frameworks",
				);
				MARKETING_VERSION = 1.1;
				PRODUCT_BUNDLE_IDENTIFIER = hyerikim.TimeTracker;
				PRODUCT_NAME = "$(TARGET_NAME)";
				SUPPORTED_PLATFORMS = "iphoneos iphonesimulator";
				SUPPORTS_MACCATALYST = NO;
				SUPPORTS_MAC_DESIGNED_FOR_IPHONE_IPAD = NO;
				SUPPORTS_XR_DESIGNED_FOR_IPHONE_IPAD = NO;
				SWIFT_EMIT_LOC_STRINGS = YES;
				SWIFT_VERSION = 5.0;
				TARGETED_DEVICE_FAMILY = 1;
			};
			name = Debug;
		};
		7B59F5752D17DB7C00562F6B /* Release */ = {
			isa = XCBuildConfiguration;
			baseConfigurationReference = 9B93D36F6DE79CBC602CA34E /* Pods-TimeTracker.release.xcconfig */;
			buildSettings = {
				ASSETCATALOG_COMPILER_APPICON_NAME = AppIcon;
				ASSETCATALOG_COMPILER_GLOBAL_ACCENT_COLOR_NAME = AccentColor;
				CODE_SIGN_ENTITLEMENTS = TimeTracker/TimeTracker.entitlements;
				CODE_SIGN_STYLE = Automatic;
				CURRENT_PROJECT_VERSION = 1;
				DEVELOPMENT_TEAM = H92U9KV5T2;
				GENERATE_INFOPLIST_FILE = YES;
				INFOPLIST_FILE = TimeTracker/Info.plist;
				INFOPLIST_KEY_UIApplicationSupportsIndirectInputEvents = YES;
				INFOPLIST_KEY_UILaunchStoryboardName = LaunchScreen;
				INFOPLIST_KEY_UISupportedInterfaceOrientations = UIInterfaceOrientationPortrait;
				IPHONEOS_DEPLOYMENT_TARGET = 15.0;
				LD_RUNPATH_SEARCH_PATHS = (
					"$(inherited)",
					"@executable_path/Frameworks",
				);
				MARKETING_VERSION = 1.1;
				PRODUCT_BUNDLE_IDENTIFIER = hyerikim.TimeTracker;
				PRODUCT_NAME = "$(TARGET_NAME)";
				SUPPORTED_PLATFORMS = "iphoneos iphonesimulator";
				SUPPORTS_MACCATALYST = NO;
				SUPPORTS_MAC_DESIGNED_FOR_IPHONE_IPAD = NO;
				SUPPORTS_XR_DESIGNED_FOR_IPHONE_IPAD = NO;
				SWIFT_EMIT_LOC_STRINGS = YES;
				SWIFT_VERSION = 5.0;
				TARGETED_DEVICE_FAMILY = 1;
			};
			name = Release;
		};
		7B5E37302DD88A780069A0A5 /* Debug */ = {
			isa = XCBuildConfiguration;
			buildSettings = {
				ASSETCATALOG_COMPILER_GLOBAL_ACCENT_COLOR_NAME = AccentColor;
				ASSETCATALOG_COMPILER_WIDGET_BACKGROUND_COLOR_NAME = WidgetBackground;
				CODE_SIGN_ENTITLEMENTS = TimeTrackerWidgetExtension.entitlements;
				CODE_SIGN_STYLE = Automatic;
				CURRENT_PROJECT_VERSION = 1;
				DEVELOPMENT_TEAM = H92U9KV5T2;
				ENABLE_USER_SCRIPT_SANDBOXING = YES;
				GENERATE_INFOPLIST_FILE = YES;
				INFOPLIST_FILE = TimeTrackerWidget/Info.plist;
				INFOPLIST_KEY_CFBundleDisplayName = TimeTrackerWidget;
				INFOPLIST_KEY_NSHumanReadableCopyright = "";
				IPHONEOS_DEPLOYMENT_TARGET = 18.2;
				LD_RUNPATH_SEARCH_PATHS = (
					"$(inherited)",
					"@executable_path/Frameworks",
					"@executable_path/../../Frameworks",
				);
				MARKETING_VERSION = 1.0;
				PRODUCT_BUNDLE_IDENTIFIER = hyerikim.TimeTracker.TimeTrackerWidget;
				PRODUCT_NAME = "$(TARGET_NAME)";
				SKIP_INSTALL = YES;
				SWIFT_EMIT_LOC_STRINGS = YES;
				SWIFT_VERSION = 5.0;
				TARGETED_DEVICE_FAMILY = "1,2";
			};
			name = Debug;
		};
		7B5E37312DD88A780069A0A5 /* Release */ = {
			isa = XCBuildConfiguration;
			buildSettings = {
				ASSETCATALOG_COMPILER_GLOBAL_ACCENT_COLOR_NAME = AccentColor;
				ASSETCATALOG_COMPILER_WIDGET_BACKGROUND_COLOR_NAME = WidgetBackground;
				CODE_SIGN_ENTITLEMENTS = TimeTrackerWidgetExtension.entitlements;
				CODE_SIGN_STYLE = Automatic;
				CURRENT_PROJECT_VERSION = 1;
				DEVELOPMENT_TEAM = H92U9KV5T2;
				ENABLE_USER_SCRIPT_SANDBOXING = YES;
				GENERATE_INFOPLIST_FILE = YES;
				INFOPLIST_FILE = TimeTrackerWidget/Info.plist;
				INFOPLIST_KEY_CFBundleDisplayName = TimeTrackerWidget;
				INFOPLIST_KEY_NSHumanReadableCopyright = "";
				IPHONEOS_DEPLOYMENT_TARGET = 18.2;
				LD_RUNPATH_SEARCH_PATHS = (
					"$(inherited)",
					"@executable_path/Frameworks",
					"@executable_path/../../Frameworks",
				);
				MARKETING_VERSION = 1.0;
				PRODUCT_BUNDLE_IDENTIFIER = hyerikim.TimeTracker.TimeTrackerWidget;
				PRODUCT_NAME = "$(TARGET_NAME)";
				SKIP_INSTALL = YES;
				SWIFT_EMIT_LOC_STRINGS = YES;
				SWIFT_VERSION = 5.0;
				TARGETED_DEVICE_FAMILY = "1,2";
			};
			name = Release;
		};
/* End XCBuildConfiguration section */

/* Begin XCConfigurationList section */
		7B59F55A2D17DB7A00562F6B /* Build configuration list for PBXProject "TimeTracker" */ = {
			isa = XCConfigurationList;
			buildConfigurations = (
				7B59F5712D17DB7C00562F6B /* Debug */,
				7B59F5722D17DB7C00562F6B /* Release */,
			);
			defaultConfigurationIsVisible = 0;
			defaultConfigurationName = Release;
		};
		7B59F5732D17DB7C00562F6B /* Build configuration list for PBXNativeTarget "TimeTracker" */ = {
			isa = XCConfigurationList;
			buildConfigurations = (
				7B59F5742D17DB7C00562F6B /* Debug */,
				7B59F5752D17DB7C00562F6B /* Release */,
			);
			defaultConfigurationIsVisible = 0;
			defaultConfigurationName = Release;
		};
		7B5E372F2DD88A780069A0A5 /* Build configuration list for PBXNativeTarget "TimeTrackerWidgetExtension" */ = {
			isa = XCConfigurationList;
			buildConfigurations = (
				7B5E37302DD88A780069A0A5 /* Debug */,
				7B5E37312DD88A780069A0A5 /* Release */,
			);
			defaultConfigurationIsVisible = 0;
			defaultConfigurationName = Release;
		};
/* End XCConfigurationList section */
	};
	rootObject = 7B59F5572D17DB7A00562F6B /* Project object */;
}
